
Microsoft Visual Studio Solution File, Format Version 12.00
# Visual Studio Version 16
VisualStudioVersion = 16.0.31410.357
MinimumVisualStudioVersion = 10.0.40219.1
Project("{FAE04EC0-301F-11D3-BF4B-00C04F79EFBC}") = "DemoFoodApI", "DemoFoodApI\DemoFoodApI.csproj", "{544609C3-DE0F-48BD-9CAE-657BAC6B66DC}"
EndProject
Global
	GlobalSection(SolutionConfigurationPlatforms) = preSolution
		Debug|Any CPU = Debug|Any CPU
		Release|Any CPU = Release|Any CPU
	EndGlobalSection
	GlobalSection(ProjectConfigurationPlatforms) = postSolution
		{544609C3-DE0F-48BD-9CAE-657BAC6B66DC}.Debug|Any CPU.ActiveCfg = Debug|Any CPU
		{544609C3-DE0F-48BD-9CAE-657BAC6B66DC}.Debug|Any CPU.Build.0 = Debug|Any CPU
		{544609C3-DE0F-48BD-9CAE-657BAC6B66DC}.Release|Any CPU.ActiveCfg = Release|Any CPU
		{544609C3-DE0F-48BD-9CAE-657BAC6B66DC}.Release|Any CPU.Build.0 = Release|Any CPU
	EndGlobalSection
	GlobalSection(SolutionProperties) = preSolution
		HideSolutionNode = FALSE
	EndGlobalSection
	GlobalSection(ExtensibilityGlobals) = postSolution
		SolutionGuid = {A6898C68-285F-4650-B135-8C1CAE7AA4E7}
	EndGlobalSection
EndGlobal
